{
  "object": {
    "pins": [
      {
        "package": "Files",
        "repositoryURL": "https://github.com/johnsundell/files.git",
        "state": {
          "branch": null,
          "revision": "941052daf1c0aa6999343ee899dd3d743c86f211",
          "version": "4.1.0"
        }
      }
    ]
  },
  "version": 1
}
